
Microsoft Visual Studio Solution File, Format Version 12.00
# Visual Studio 15
VisualStudioVersion = 15.0.28307.421
MinimumVisualStudioVersion = 10.0.40219.1
Project("{FAE04EC0-301F-11D3-BF4B-00C04F79EFBC}") = "LighthouseManager", "LighthouseManager\LighthouseManager.csproj", "{CDC0A8F9-BE06-4420-8A52-DC9A2714AB2F}"
EndProject
Global
	GlobalSection(SolutionConfigurationPlatforms) = preSolution
		Debug|Any CPU = Debug|Any CPU
		Release|Any CPU = Release|Any CPU
	EndGlobalSection
	GlobalSection(ProjectConfigurationPlatforms) = postSolution
		{CDC0A8F9-BE06-4420-8A52-DC9A2714AB2F}.Debug|Any CPU.ActiveCfg = Debug|Any CPU
		{CDC0A8F9-BE06-4420-8A52-DC9A2714AB2F}.Debug|Any CPU.Build.0 = Debug|Any CPU
		{CDC0A8F9-BE06-4420-8A52-DC9A2714AB2F}.Release|Any CPU.ActiveCfg = Release|Any CPU
		{CDC0A8F9-BE06-4420-8A52-DC9A2714AB2F}.Release|Any CPU.Build.0 = Release|Any CPU
	EndGlobalSection
	GlobalSection(SolutionProperties) = preSolution
		HideSolutionNode = FALSE
	EndGlobalSection
	GlobalSection(ExtensibilityGlobals) = postSolution
		SolutionGuid = {C573B690-B207-469F-8CB5-1568F60244F0}
	EndGlobalSection
EndGlobal
